{
  "name": "qwik-city-import-bug",
  "version": "1.0.0",
  "lockfileVersion": 2,
  "requires": true,
  "packages": {
    "": {
      "name": "qwik-city-import-bug",
      "version": "1.0.0",
      "license": "ISC",
      "devDependencies": {
        "@builder.io/qwik": "^0.0.108"
      }
    },
    "node_modules/@builder.io/qwik": {
      "version": "0.0.108",
      "resolved": "https://registry.npmjs.org/@builder.io/qwik/-/qwik-0.0.108.tgz",
      "integrity": "sha512-7AyD2lpaquPNGb5Prr++mh5ocSRnxN32qB+huZUkGfGcIlMiv5W/Q5ocTbaCWt8Eb0RDZ5nCgHbHjglsAAnTNw==",
      "dev": true,
      "engines": {
        "node": ">=14.18.0"
      }
    }
  },
  "dependencies": {
    "@builder.io/qwik": {
      "version": "0.0.108",
      "resolved": "https://registry.npmjs.org/@builder.io/qwik/-/qwik-0.0.108.tgz",
      "integrity": "sha512-7AyD2lpaquPNGb5Prr++mh5ocSRnxN32qB+huZUkGfGcIlMiv5W/Q5ocTbaCWt8Eb0RDZ5nCgHbHjglsAAnTNw==",
      "dev": true
    }
  }
}
